// !$*UTF8*$!
{
	archiveVersion = 1;
	classes = {
	};
	objectVersion = 46;
	objects = {

/* Begin PBXBuildFile section */
		5695E08119F0F2A300800662 /* AppDelegate.swift in Sources */ = {isa = PBXBuildFile; fileRef = 5695E08019F0F2A300800662 /* AppDelegate.swift */; };
		5695E08319F0F2A300800662 /* ViewController.swift in Sources */ = {isa = PBXBuildFile; fileRef = 5695E08219F0F2A300800662 /* ViewController.swift */; };
		5695E08619F0F2A300800662 /* Main.storyboard in Resources */ = {isa = PBXBuildFile; fileRef = 5695E08419F0F2A300800662 /* Main.storyboard */; };
		5695E08819F0F2A300800662 /* Images.xcassets in Resources */ = {isa = PBXBuildFile; fileRef = 5695E08719F0F2A300800662 /* Images.xcassets */; };
		5695E08B19F0F2A300800662 /* LaunchScreen.xib in Resources */ = {isa = PBXBuildFile; fileRef = 5695E08919F0F2A300800662 /* LaunchScreen.xib */; };
		5695E09719F0F2A300800662 /* AutoLayoutTests.swift in Sources */ = {isa = PBXBuildFile; fileRef = 5695E09619F0F2A300800662 /* AutoLayoutTests.swift */; };
/* End PBXBuildFile section */

/* Begin PBXContainerItemProxy section */
		5695E09119F0F2A300800662 /* PBXContainerItemProxy */ = {
			isa = PBXContainerItemProxy;
			containerPortal = 5695E07319F0F2A300800662 /* Project object */;
			proxyType = 1;
			remoteGlobalIDString = 5695E07A19F0F2A300800662;
			remoteInfo = AutoLayout;
		};
/* End PBXContainerItemProxy section */

/* Begin PBXFileReference section */
		5695E07B19F0F2A300800662 /* AutoLayout.app */ = {isa = PBXFileReference; explicitFileType = wrapper.application; includeInIndex = 0; path = AutoLayout.app; sourceTree = BUILT_PRODUCTS_DIR; };
		5695E07F19F0F2A300800662 /* Info.plist */ = {isa = PBXFileReference; lastKnownFileType = text.plist.xml; path = Info.plist; sourceTree = "<group>"; };
		5695E08019F0F2A300800662 /* AppDelegate.swift */ = {isa = PBXFileReference; lastKnownFileType = sourcecode.swift; path = AppDelegate.swift; sourceTree = "<group>"; };
		5695E08219F0F2A300800662 /* ViewController.swift */ = {isa = PBXFileReference; lastKnownFileType = sourcecode.swift; path = ViewController.swift; sourceTree = "<group>"; };
		5695E08519F0F2A300800662 /* Base */ = {isa = PBXFileReference; lastKnownFileType = file.storyboard; name = Base; path = Base.lproj/Main.storyboard; sourceTree = "<group>"; };
		5695E08719F0F2A300800662 /* Images.xcassets */ = {isa = PBXFileReference; lastKnownFileType = folder.assetcatalog; path = Images.xcassets; sourceTree = "<group>"; };
		5695E08A19F0F2A300800662 /* Base */ = {isa = PBXFileReference; lastKnownFileType = file.xib; name = Base; path = Base.lproj/LaunchScreen.xib; sourceTree = "<group>"; };
		5695E09019F0F2A300800662 /* AutoLayoutTests.xctest */ = {isa = PBXFileReference; explicitFileType = wrapper.cfbundle; includeInIndex = 0; path = AutoLayoutTests.xctest; sourceTree = BUILT_PRODUCTS_DIR; };
		5695E09519F0F2A300800662 /* Info.plist */ = {isa = PBXFileReference; lastKnownFileType = text.plist.xml; path = Info.plist; sourceTree = "<group>"; };
		5695E09619F0F2A300800662 /* AutoLayoutTests.swift */ = {isa = PBXFileReference; lastKnownFileType = sourcecode.swift; path = AutoLayoutTests.swift; sourceTree = "<group>"; };
/* End PBXFileReference section */

/* Begin PBXFrameworksBuildPhase section */
		5695E07819F0F2A300800662 /* Frameworks */ = {
			isa = PBXFrameworksBuildPhase;
			buildActionMask = 2147483647;
			files = (
			);
			runOnlyForDeploymentPostprocessing = 0;
		};
		5695E08D19F0F2A300800662 /* Frameworks */ = {
			isa = PBXFrameworksBuildPhase;
			buildActionMask = 2147483647;
			files = (
			);
			runOnlyForDeploymentPostprocessing = 0;
		};
/* End PBXFrameworksBuildPhase section */

/* Begin PBXGroup section */
		5695E07219F0F2A300800662 = {
			isa = PBXGroup;
			children = (
				5695E07D19F0F2A300800662 /* AutoLayout */,
				5695E09319F0F2A300800662 /* AutoLayoutTests */,
				5695E07C19F0F2A300800662 /* Products */,
			);
			sourceTree = "<group>";
		};
		5695E07C19F0F2A300800662 /* Products */ = {
			isa = PBXGroup;
			children = (
				5695E07B19F0F2A300800662 /* AutoLayout.app */,
				5695E09019F0F2A300800662 /* AutoLayoutTests.xctest */,
			);
			name = Products;
			sourceTree = "<group>";
		};
		5695E07D19F0F2A300800662 /* AutoLayout */ = {
			isa = PBXGroup;
			children = (
				5695E08019F0F2A300800662 /* AppDelegate.swift */,
				5695E08219F0F2A300800662 /* ViewController.swift */,
				5695E08419F0F2A300800662 /* Main.storyboard */,
				5695E08719F0F2A300800662 /* Images.xcassets */,
				5695E08919F0F2A300800662 /* LaunchScreen.xib */,
				5695E07E19F0F2A300800662 /* Supporting Files */,
			);
			path = AutoLayout;
			sourceTree = "<group>";
		};
		5695E07E19F0F2A300800662 /* Supporting Files */ = {
			isa = PBXGroup;
			children = (
				5695E07F19F0F2A300800662 /* Info.plist */,
			);
			name = "Supporting Files";
			sourceTree = "<group>";
		};
		5695E09319F0F2A300800662 /* AutoLayoutTests */ = {
			isa = PBXGroup;
			children = (
				5695E09619F0F2A300800662 /* AutoLayoutTests.swift */,
				5695E09419F0F2A300800662 /* Supporting Files */,
			);
			path = AutoLayoutTests;
			sourceTree = "<group>";
		};
		5695E09419F0F2A300800662 /* Supporting Files */ = {
			isa = PBXGroup;
			children = (
				5695E09519F0F2A300800662 /* Info.plist */,
			);
			name = "Supporting Files";
			sourceTree = "<group>";
		};
/* End PBXGroup section */

/* Begin PBXNativeTarget section */
		5695E07A19F0F2A300800662 /* AutoLayout */ = {
			isa = PBXNativeTarget;
			buildConfigurationList = 5695E09A19F0F2A300800662 /* Build configuration list for PBXNativeTarget "AutoLayout" */;
			buildPhases = (
				5695E07719F0F2A300800662 /* Sources */,
				5695E07819F0F2A300800662 /* Frameworks */,
				5695E07919F0F2A300800662 /* Resources */,
			);
			buildRules = (
			);
			dependencies = (
			);
			name = AutoLayout;
			productName = AutoLayout;
			productReference = 5695E07B19F0F2A300800662 /* AutoLayout.app */;
			productType = "com.apple.product-type.application";
		};
		5695E08F19F0F2A300800662 /* AutoLayoutTests */ = {
			isa = PBXNativeTarget;
			buildConfigurationList = 5695E09D19F0F2A300800662 /* Build configuration list for PBXNativeTarget "AutoLayoutTests" */;
			buildPhases = (
				5695E08C19F0F2A300800662 /* Sources */,
				5695E08D19F0F2A300800662 /* Frameworks */,
				5695E08E19F0F2A300800662 /* Resources */,
			);
			buildRules = (
			);
			dependencies = (
				5695E09219F0F2A300800662 /* PBXTargetDependency */,
			);
			name = AutoLayoutTests;
			productName = AutoLayoutTests;
			productReference = 5695E09019F0F2A300800662 /* AutoLayoutTests.xctest */;
			productType = "com.apple.product-type.bundle.unit-test";
		};
/* End PBXNativeTarget section */

/* Begin PBXProject section */
		5695E07319F0F2A300800662 /* Project object */ = {
			isa = PBXProject;
			attributes = {
				LastUpgradeCheck = 0610;
				ORGANIZATIONNAME = DuyNT;
				TargetAttributes = {
					5695E07A19F0F2A300800662 = {
						CreatedOnToolsVersion = 6.1;
					};
					5695E08F19F0F2A300800662 = {
						CreatedOnToolsVersion = 6.1;
						TestTargetID = 5695E07A19F0F2A300800662;
					};
				};
			};
			buildConfigurationList = 5695E07619F0F2A300800662 /* Build configuration list for PBXProject "AutoLayout" */;
			compatibilityVersion = "Xcode 3.2";
			developmentRegion = English;
			hasScannedForEncodings = 0;
			knownRegions = (
				en,
				Base,
			);
			mainGroup = 5695E07219F0F2A300800662;
			productRefGroup = 5695E07C19F0F2A300800662 /* Products */;
			projectDirPath = "";
			projectRoot = "";
			targets = (
				5695E07A19F0F2A300800662 /* AutoLayout */,
				5695E08F19F0F2A300800662 /* AutoLayoutTests */,
			);
		};
/* End PBXProject section */

/* Begin PBXResourcesBuildPhase section */
		5695E07919F0F2A300800662 /* Resources */ = {
			isa = PBXResourcesBuildPhase;
			buildActionMask = 2147483647;
			files = (
				5695E08619F0F2A300800662 /* Main.storyboard in Resources */,
				5695E08B19F0F2A300800662 /* LaunchScreen.xib in Resources */,
				5695E08819F0F2A300800662 /* Images.xcassets in Resources */,
			);
			runOnlyForDeploymentPostprocessing = 0;
		};
		5695E08E19F0F2A300800662 /* Resources */ = {
			isa = PBXResourcesBuildPhase;
			buildActionMask = 2147483647;
			files = (
			);
			runOnlyForDeploymentPostprocessing = 0;
		};
/* End PBXResourcesBuildPhase section */

/* Begin PBXSourcesBuildPhase section */
		5695E07719F0F2A300800662 /* Sources */ = {
			isa = PBXSourcesBuildPhase;
			buildActionMask = 2147483647;
			files = (
				5695E08319F0F2A300800662 /* ViewController.swift in Sources */,
				5695E08119F0F2A300800662 /* AppDelegate.swift in Sources */,
			);
			runOnlyForDeploymentPostprocessing = 0;
		};
		5695E08C19F0F2A300800662 /* Sources */ = {
			isa = PBXSourcesBuildPhase;
			buildActionMask = 2147483647;
			files = (
				5695E09719F0F2A300800662 /* AutoLayoutTests.swift in Sources */,
			);
			runOnlyForDeploymentPostprocessing = 0;
		};
/* End PBXSourcesBuildPhase section */

/* Begin PBXTargetDependency section */
		5695E09219F0F2A300800662 /* PBXTargetDependency */ = {
			isa = PBXTargetDependency;
			target = 5695E07A19F0F2A300800662 /* AutoLayout */;
			targetProxy = 5695E09119F0F2A300800662 /* PBXContainerItemProxy */;
		};
/* End PBXTargetDependency section */

/* Begin PBXVariantGroup section */
		5695E08419F0F2A300800662 /* Main.storyboard */ = {
			isa = PBXVariantGroup;
			children = (
				5695E08519F0F2A300800662 /* Base */,
			);
			name = Main.storyboard;
			sourceTree = "<group>";
		};
		5695E08919F0F2A300800662 /* LaunchScreen.xib */ = {
			isa = PBXVariantGroup;
			children = (
				5695E08A19F0F2A300800662 /* Base */,
			);
			name = LaunchScreen.xib;
			sourceTree = "<group>";
		};
/* End PBXVariantGroup section */

/* Begin XCBuildConfiguration section */
		5695E09819F0F2A300800662 /* Debug */ = {
			isa = XCBuildConfiguration;
			buildSettings = {
				ALWAYS_SEARCH_USER_PATHS = NO;
				CLANG_CXX_LANGUAGE_STANDARD = "gnu++0x";
				CLANG_CXX_LIBRARY = "libc++";
				CLANG_ENABLE_MODULES = YES;
				CLANG_ENABLE_OBJC_ARC = YES;
				CLANG_WARN_BOOL_CONVERSION = YES;
				CLANG_WARN_CONSTANT_CONVERSION = YES;
				CLANG_WARN_DIRECT_OBJC_ISA_USAGE = YES_ERROR;
				CLANG_WARN_EMPTY_BODY = YES;
				CLANG_WARN_ENUM_CONVERSION = YES;
				CLANG_WARN_INT_CONVERSION = YES;
				CLANG_WARN_OBJC_ROOT_CLASS = YES_ERROR;
				CLANG_WARN_UNREACHABLE_CODE = YES;
				CLANG_WARN__DUPLICATE_METHOD_MATCH = YES;
				"CODE_SIGN_IDENTITY[sdk=iphoneos*]" = "iPhone Developer";
				COPY_PHASE_STRIP = NO;
				ENABLE_STRICT_OBJC_MSGSEND = YES;
				GCC_C_LANGUAGE_STANDARD = gnu99;
				GCC_DYNAMIC_NO_PIC = NO;
				GCC_OPTIMIZATION_LEVEL = 0;
				GCC_PREPROCESSOR_DEFINITIONS = (
					"DEBUG=1",
					"$(inherited)",
				);
				GCC_SYMBOLS_PRIVATE_EXTERN = NO;
				GCC_WARN_64_TO_32_BIT_CONVERSION = YES;
				GCC_WARN_ABOUT_RETURN_TYPE = YES_ERROR;
				GCC_WARN_UNDECLARED_SELECTOR = YES;
				GCC_WARN_UNINITIALIZED_AUTOS = YES_AGGRESSIVE;
				GCC_WARN_UNUSED_FUNCTION = YES;
				GCC_WARN_UNUSED_VARIABLE = YES;
				IPHONEOS_DEPLOYMENT_TARGET = 8.1;
				MTL_ENABLE_DEBUG_INFO = YES;
				ONLY_ACTIVE_ARCH = YES;
				SDKROOT = iphoneos;
				SWIFT_OPTIMIZATION_LEVEL = "-Onone";
			};
			name = Debug;
		};
		5695E09919F0F2A300800662 /* Release */ = {
			isa = XCBuildConfiguration;
			buildSettings = {
				ALWAYS_SEARCH_USER_PATHS = NO;
				CLANG_CXX_LANGUAGE_STANDARD = "gnu++0x";
				CLANG_CXX_LIBRARY = "libc++";
				CLANG_ENABLE_MODULES = YES;
				CLANG_ENABLE_OBJC_ARC = YES;
				CLANG_WARN_BOOL_CONVERSION = YES;
				CLANG_WARN_CONSTANT_CONVERSION = YES;
				CLANG_WARN_DIRECT_OBJC_ISA_USAGE = YES_ERROR;
				CLANG_WARN_EMPTY_BODY = YES;
				CLANG_WARN_ENUM_CONVERSION = YES;
				CLANG_WARN_INT_CONVERSION = YES;
				CLANG_WARN_OBJC_ROOT_CLASS = YES_ERROR;
				CLANG_WARN_UNREACHABLE_CODE = YES;
				CLANG_WARN__DUPLICATE_METHOD_MATCH = YES;
				"CODE_SIGN_IDENTITY[sdk=iphoneos*]" = "iPhone Developer";
				COPY_PHASE_STRIP = YES;
				ENABLE_NS_ASSERTIONS = NO;
				ENABLE_STRICT_OBJC_MSGSEND = YES;
				GCC_C_LANGUAGE_STANDARD = gnu99;
				GCC_WARN_64_TO_32_BIT_CONVERSION = YES;
				GCC_WARN_ABOUT_RETURN_TYPE = YES_ERROR;
				GCC_WARN_UNDECLARED_SELECTOR = YES;
				GCC_WARN_UNINITIALIZED_AUTOS = YES_AGGRESSIVE;
				GCC_WARN_UNUSED_FUNCTION = YES;
				GCC_WARN_UNUSED_VARIABLE = YES;
				IPHONEOS_DEPLOYMENT_TARGET = 8.1;
				MTL_ENABLE_DEBUG_INFO = NO;
				SDKROOT = iphoneos;
				VALIDATE_PRODUCT = YES;
			};
			name = Release;
		};
		5695E09B19F0F2A300800662 /* Debug */ = {
			isa = XCBuildConfiguration;
			buildSettings = {
				ASSETCATALOG_COMPILER_APPICON_NAME = AppIcon;
				INFOPLIST_FILE = AutoLayout/Info.plist;
				LD_RUNPATH_SEARCH_PATHS = "$(inherited) @executable_path/Frameworks";
				PRODUCT_NAME = "$(TARGET_NAME)";
			};
			name = Debug;
		};
		5695E09C19F0F2A300800662 /* Release */ = {
			isa = XCBuildConfiguration;
			buildSettings = {
				ASSETCATALOG_COMPILER_APPICON_NAME = AppIcon;
				INFOPLIST_FILE = AutoLayout/Info.plist;
				LD_RUNPATH_SEARCH_PATHS = "$(inherited) @executable_path/Frameworks";
				PRODUCT_NAME = "$(TARGET_NAME)";
			};
			name = Release;
		};
		5695E09E19F0F2A300800662 /* Debug */ = {
			isa = XCBuildConfiguration;
			buildSettings = {
				BUNDLE_LOADER = "$(TEST_HOST)";
				FRAMEWORK_SEARCH_PATHS = (
					"$(SDKROOT)/Developer/Library/Frameworks",
					"$(inherited)",
				);
				GCC_PREPROCESSOR_DEFINITIONS = (
					"DEBUG=1",
					"$(inherited)",
				);
				INFOPLIST_FILE = AutoLayoutTests/Info.plist;
				LD_RUNPATH_SEARCH_PATHS = "$(inherited) @executable_path/Frameworks @loader_path/Frameworks";
				PRODUCT_NAME = "$(TARGET_NAME)";
				TEST_HOST = "$(BUILT_PRODUCTS_DIR)/AutoLayout.app/AutoLayout";
			};
			name = Debug;
		};
		5695E09F19F0F2A300800662 /* Release */ = {
			isa = XCBuildConfiguration;
			buildSettings = {
				BUNDLE_LOADER = "$(TEST_HOST)";
				FRAMEWORK_SEARCH_PATHS = (
					"$(SDKROOT)/Developer/Library/Frameworks",
					"$(inherited)",
				);
				INFOPLIST_FILE = AutoLayoutTests/Info.plist;
				LD_RUNPATH_SEARCH_PATHS = "$(inherited) @executable_path/Frameworks @loader_path/Frameworks";
				PRODUCT_NAME = "$(TARGET_NAME)";
				TEST_HOST = "$(BUILT_PRODUCTS_DIR)/AutoLayout.app/AutoLayout";
			};
			name = Release;
		};
/* End XCBuildConfiguration section */

/* Begin XCConfigurationList section */
		5695E07619F0F2A300800662 /* Build configuration list for PBXProject "AutoLayout" */ = {
			isa = XCConfigurationList;
			buildConfigurations = (
				5695E09819F0F2A300800662 /* Debug */,
				5695E09919F0F2A300800662 /* Release */,
			);
			defaultConfigurationIsVisible = 0;
			defaultConfigurationName = Release;
		};
		5695E09A19F0F2A300800662 /* Build configuration list for PBXNativeTarget "AutoLayout" */ = {
			isa = XCConfigurationList;
			buildConfigurations = (
				5695E09B19F0F2A300800662 /* Debug */,
				5695E09C19F0F2A300800662 /* Release */,
			);
			defaultConfigurationIsVisible = 0;
		};
		5695E09D19F0F2A300800662 /* Build configuration list for PBXNativeTarget "AutoLayoutTests" */ = {
			isa = XCConfigurationList;
			buildConfigurations = (
				5695E09E19F0F2A300800662 /* Debug */,
				5695E09F19F0F2A300800662 /* Release */,
			);
			defaultConfigurationIsVisible = 0;
		};
/* End XCConfigurationList section */
	};
	rootObject = 5695E07319F0F2A300800662 /* Project object */;
}
